
Microsoft Visual Studio Solution File, Format Version 12.00
# Visual Studio Version 17
VisualStudioVersion = 17.11.35312.102
MinimumVisualStudioVersion = 10.0.40219.1
Project("{FAE04EC0-301F-11D3-BF4B-00C04F79EFBC}") = "CSharpEgitimKapm301.EntityLayer", "CSharpEgitimKapm301.EntityLayer\CSharpEgitimKapm301.EntityLayer.csproj", "{CA01AEF2-EF4D-4FE3-99B4-324ECA979486}"
EndProject
Project("{FAE04EC0-301F-11D3-BF4B-00C04F79EFBC}") = "CSharpEgitimKapm301.DataAccessLayer", "CSharpEgitimKapm301.DataAccessLayer\CSharpEgitimKapm301.DataAccessLayer.csproj", "{39C65132-F075-4A24-A558-E8DD1461B870}"
EndProject
Project("{FAE04EC0-301F-11D3-BF4B-00C04F79EFBC}") = "CSharpEgitimKapm301.BusinessLayer", "CSharpEgitimKapm301.BusinessLayer\CSharpEgitimKapm301.BusinessLayer.csproj", "{D0A245BF-0DBA-432A-8FBB-15E5BF7C9E12}"
EndProject
Project("{FAE04EC0-301F-11D3-BF4B-00C04F79EFBC}") = "CSharpEgitimKapm301.PresentationLayer", "CSharpEgitimKapm301.PresentationLayer\CSharpEgitimKapm301.PresentationLayer.csproj", "{4E16AF51-5EFC-4709-8F04-AD85E021EB2A}"
EndProject
Project("{FAE04EC0-301F-11D3-BF4B-00C04F79EFBC}") = "CSharpEgitimKapm301_EFProject", "CSharpEgitimKapm301_EFProject\CSharpEgitimKapm301_EFProject.csproj", "{0D9F2EE4-CC31-4B86-94F9-D5BA9F8EA094}"
EndProject
Global
	GlobalSection(SolutionConfigurationPlatforms) = preSolution
		Debug|Any CPU = Debug|Any CPU
		Release|Any CPU = Release|Any CPU
	EndGlobalSection
	GlobalSection(ProjectConfigurationPlatforms) = postSolution
		{CA01AEF2-EF4D-4FE3-99B4-324ECA979486}.Debug|Any CPU.ActiveCfg = Debug|Any CPU
		{CA01AEF2-EF4D-4FE3-99B4-324ECA979486}.Debug|Any CPU.Build.0 = Debug|Any CPU
		{CA01AEF2-EF4D-4FE3-99B4-324ECA979486}.Release|Any CPU.ActiveCfg = Release|Any CPU
		{CA01AEF2-EF4D-4FE3-99B4-324ECA979486}.Release|Any CPU.Build.0 = Release|Any CPU
		{39C65132-F075-4A24-A558-E8DD1461B870}.Debug|Any CPU.ActiveCfg = Debug|Any CPU
		{39C65132-F075-4A24-A558-E8DD1461B870}.Debug|Any CPU.Build.0 = Debug|Any CPU
		{39C65132-F075-4A24-A558-E8DD1461B870}.Release|Any CPU.ActiveCfg = Release|Any CPU
		{39C65132-F075-4A24-A558-E8DD1461B870}.Release|Any CPU.Build.0 = Release|Any CPU
		{D0A245BF-0DBA-432A-8FBB-15E5BF7C9E12}.Debug|Any CPU.ActiveCfg = Debug|Any CPU
		{D0A245BF-0DBA-432A-8FBB-15E5BF7C9E12}.Debug|Any CPU.Build.0 = Debug|Any CPU
		{D0A245BF-0DBA-432A-8FBB-15E5BF7C9E12}.Release|Any CPU.ActiveCfg = Release|Any CPU
		{D0A245BF-0DBA-432A-8FBB-15E5BF7C9E12}.Release|Any CPU.Build.0 = Release|Any CPU
		{4E16AF51-5EFC-4709-8F04-AD85E021EB2A}.Debug|Any CPU.ActiveCfg = Debug|Any CPU
		{4E16AF51-5EFC-4709-8F04-AD85E021EB2A}.Debug|Any CPU.Build.0 = Debug|Any CPU
		{4E16AF51-5EFC-4709-8F04-AD85E021EB2A}.Release|Any CPU.ActiveCfg = Release|Any CPU
		{4E16AF51-5EFC-4709-8F04-AD85E021EB2A}.Release|Any CPU.Build.0 = Release|Any CPU
		{0D9F2EE4-CC31-4B86-94F9-D5BA9F8EA094}.Debug|Any CPU.ActiveCfg = Debug|Any CPU
		{0D9F2EE4-CC31-4B86-94F9-D5BA9F8EA094}.Debug|Any CPU.Build.0 = Debug|Any CPU
		{0D9F2EE4-CC31-4B86-94F9-D5BA9F8EA094}.Release|Any CPU.ActiveCfg = Release|Any CPU
		{0D9F2EE4-CC31-4B86-94F9-D5BA9F8EA094}.Release|Any CPU.Build.0 = Release|Any CPU
	EndGlobalSection
	GlobalSection(SolutionProperties) = preSolution
		HideSolutionNode = FALSE
	EndGlobalSection
	GlobalSection(ExtensibilityGlobals) = postSolution
		SolutionGuid = {54E6E748-2572-4D0D-B78B-122FD657AB7D}
	EndGlobalSection
EndGlobal
